// !$*UTF8*$!
{
	archiveVersion = 1;
	classes = {
	};
	objectVersion = 46;
	objects = {

/* Begin PBXBuildFile section */
		1E6C06D31E6A956200729CC9 /* AppDelegate.swift in Sources */ = {isa = PBXBuildFile; fileRef = 1E6C06D21E6A956200729CC9 /* AppDelegate.swift */; };
		1E6C06D51E6A956200729CC9 /* ViewController.swift in Sources */ = {isa = PBXBuildFile; fileRef = 1E6C06D41E6A956200729CC9 /* ViewController.swift */; };
		1E6C06D81E6A956200729CC9 /* Main.storyboard in Resources */ = {isa = PBXBuildFile; fileRef = 1E6C06D61E6A956200729CC9 /* Main.storyboard */; };
		1E6C06DA1E6A956200729CC9 /* Assets.xcassets in Resources */ = {isa = PBXBuildFile; fileRef = 1E6C06D91E6A956200729CC9 /* Assets.xcassets */; };
		1E6C06DD1E6A956200729CC9 /* LaunchScreen.storyboard in Resources */ = {isa = PBXBuildFile; fileRef = 1E6C06DB1E6A956200729CC9 /* LaunchScreen.storyboard */; };
		1E6C06E71E6A966B00729CC9 /* SwiftActor.framework in Frameworks */ = {isa = PBXBuildFile; fileRef = 1E6C06E61E6A966B00729CC9 /* SwiftActor.framework */; };
		1EE3D49E1E6AB31A0051FEB0 /* MessageRepository.swift in Sources */ = {isa = PBXBuildFile; fileRef = 1EE3D49D1E6AB31A0051FEB0 /* MessageRepository.swift */; };
		1EE3D4A01E6AB5390051FEB0 /* Message.swift in Sources */ = {isa = PBXBuildFile; fileRef = 1EE3D49F1E6AB5390051FEB0 /* Message.swift */; };
/* End PBXBuildFile section */

/* Begin PBXFileReference section */
		1E6C06CF1E6A956200729CC9 /* SampleChat.app */ = {isa = PBXFileReference; explicitFileType = wrapper.application; includeInIndex = 0; path = SampleChat.app; sourceTree = BUILT_PRODUCTS_DIR; };
		1E6C06D21E6A956200729CC9 /* AppDelegate.swift */ = {isa = PBXFileReference; lastKnownFileType = sourcecode.swift; path = AppDelegate.swift; sourceTree = "<group>"; };
		1E6C06D41E6A956200729CC9 /* ViewController.swift */ = {isa = PBXFileReference; lastKnownFileType = sourcecode.swift; path = ViewController.swift; sourceTree = "<group>"; };
		1E6C06D71E6A956200729CC9 /* Base */ = {isa = PBXFileReference; lastKnownFileType = file.storyboard; name = Base; path = Base.lproj/Main.storyboard; sourceTree = "<group>"; };
		1E6C06D91E6A956200729CC9 /* Assets.xcassets */ = {isa = PBXFileReference; lastKnownFileType = folder.assetcatalog; path = Assets.xcassets; sourceTree = "<group>"; };
		1E6C06DC1E6A956200729CC9 /* Base */ = {isa = PBXFileReference; lastKnownFileType = file.storyboard; name = Base; path = Base.lproj/LaunchScreen.storyboard; sourceTree = "<group>"; };
		1E6C06DE1E6A956200729CC9 /* Info.plist */ = {isa = PBXFileReference; lastKnownFileType = text.plist.xml; path = Info.plist; sourceTree = "<group>"; };
		1E6C06E61E6A966B00729CC9 /* SwiftActor.framework */ = {isa = PBXFileReference; lastKnownFileType = wrapper.framework; name = SwiftActor.framework; path = Carthage/Build/iOS/SwiftActor.framework; sourceTree = "<group>"; };
		1EE3D49D1E6AB31A0051FEB0 /* MessageRepository.swift */ = {isa = PBXFileReference; fileEncoding = 4; lastKnownFileType = sourcecode.swift; path = MessageRepository.swift; sourceTree = "<group>"; };
		1EE3D49F1E6AB5390051FEB0 /* Message.swift */ = {isa = PBXFileReference; fileEncoding = 4; lastKnownFileType = sourcecode.swift; path = Message.swift; sourceTree = "<group>"; };
/* End PBXFileReference section */

/* Begin PBXFrameworksBuildPhase section */
		1E6C06CC1E6A956200729CC9 /* Frameworks */ = {
			isa = PBXFrameworksBuildPhase;
			buildActionMask = 2147483647;
			files = (
				1E6C06E71E6A966B00729CC9 /* SwiftActor.framework in Frameworks */,
			);
			runOnlyForDeploymentPostprocessing = 0;
		};
/* End PBXFrameworksBuildPhase section */

/* Begin PBXGroup section */
		1E6C06C61E6A956200729CC9 = {
			isa = PBXGroup;
			children = (
				1E6C06D11E6A956200729CC9 /* SampleChat */,
				1E6C06D01E6A956200729CC9 /* Products */,
				1E6C06E51E6A966B00729CC9 /* Frameworks */,
			);
			sourceTree = "<group>";
		};
		1E6C06D01E6A956200729CC9 /* Products */ = {
			isa = PBXGroup;
			children = (
				1E6C06CF1E6A956200729CC9 /* SampleChat.app */,
			);
			name = Products;
			sourceTree = "<group>";
		};
		1E6C06D11E6A956200729CC9 /* SampleChat */ = {
			isa = PBXGroup;
			children = (
				1E6C06D21E6A956200729CC9 /* AppDelegate.swift */,
				1E6C06D41E6A956200729CC9 /* ViewController.swift */,
				1E6C06D61E6A956200729CC9 /* Main.storyboard */,
				1E6C06D91E6A956200729CC9 /* Assets.xcassets */,
				1E6C06DB1E6A956200729CC9 /* LaunchScreen.storyboard */,
				1E6C06DE1E6A956200729CC9 /* Info.plist */,
				1EE3D49D1E6AB31A0051FEB0 /* MessageRepository.swift */,
				1EE3D49F1E6AB5390051FEB0 /* Message.swift */,
			);
			path = SampleChat;
			sourceTree = "<group>";
		};
		1E6C06E51E6A966B00729CC9 /* Frameworks */ = {
			isa = PBXGroup;
			children = (
				1E6C06E61E6A966B00729CC9 /* SwiftActor.framework */,
			);
			name = Frameworks;
			sourceTree = "<group>";
		};
/* End PBXGroup section */

/* Begin PBXNativeTarget section */
		1E6C06CE1E6A956200729CC9 /* SampleChat */ = {
			isa = PBXNativeTarget;
			buildConfigurationList = 1E6C06E11E6A956200729CC9 /* Build configuration list for PBXNativeTarget "SampleChat" */;
			buildPhases = (
				1E6C06CB1E6A956200729CC9 /* Sources */,
				1E6C06CC1E6A956200729CC9 /* Frameworks */,
				1E6C06CD1E6A956200729CC9 /* Resources */,
				1E6C06E41E6A963400729CC9 /* ShellScript */,
			);
			buildRules = (
			);
			dependencies = (
			);
			name = SampleChat;
			productName = SampleChat;
			productReference = 1E6C06CF1E6A956200729CC9 /* SampleChat.app */;
			productType = "com.apple.product-type.application";
		};
/* End PBXNativeTarget section */

/* Begin PBXProject section */
		1E6C06C71E6A956200729CC9 /* Project object */ = {
			isa = PBXProject;
			attributes = {
				LastSwiftUpdateCheck = 0820;
				LastUpgradeCheck = 0820;
				TargetAttributes = {
					1E6C06CE1E6A956200729CC9 = {
						CreatedOnToolsVersion = 8.2.1;
						ProvisioningStyle = Automatic;
					};
				};
			};
			buildConfigurationList = 1E6C06CA1E6A956200729CC9 /* Build configuration list for PBXProject "SampleChat" */;
			compatibilityVersion = "Xcode 3.2";
			developmentRegion = English;
			hasScannedForEncodings = 0;
			knownRegions = (
				en,
				Base,
			);
			mainGroup = 1E6C06C61E6A956200729CC9;
			productRefGroup = 1E6C06D01E6A956200729CC9 /* Products */;
			projectDirPath = "";
			projectRoot = "";
			targets = (
				1E6C06CE1E6A956200729CC9 /* SampleChat */,
			);
		};
/* End PBXProject section */

/* Begin PBXResourcesBuildPhase section */
		1E6C06CD1E6A956200729CC9 /* Resources */ = {
			isa = PBXResourcesBuildPhase;
			buildActionMask = 2147483647;
			files = (
				1E6C06DD1E6A956200729CC9 /* LaunchScreen.storyboard in Resources */,
				1E6C06DA1E6A956200729CC9 /* Assets.xcassets in Resources */,
				1E6C06D81E6A956200729CC9 /* Main.storyboard in Resources */,
			);
			runOnlyForDeploymentPostprocessing = 0;
		};
/* End PBXResourcesBuildPhase section */

/* Begin PBXShellScriptBuildPhase section */
		1E6C06E41E6A963400729CC9 /* ShellScript */ = {
			isa = PBXShellScriptBuildPhase;
			buildActionMask = 2147483647;
			files = (
			);
			inputPaths = (
				"$(SRCROOT)/Carthage/Build/iOS/SwiftActor.framework",
			);
			outputPaths = (
			);
			runOnlyForDeploymentPostprocessing = 0;
			shellPath = /bin/sh;
			shellScript = "/usr/local/bin/carthage copy-frameworks";
		};
/* End PBXShellScriptBuildPhase section */

/* Begin PBXSourcesBuildPhase section */
		1E6C06CB1E6A956200729CC9 /* Sources */ = {
			isa = PBXSourcesBuildPhase;
			buildActionMask = 2147483647;
			files = (
				1E6C06D51E6A956200729CC9 /* ViewController.swift in Sources */,
				1EE3D4A01E6AB5390051FEB0 /* Message.swift in Sources */,
				1E6C06D31E6A956200729CC9 /* AppDelegate.swift in Sources */,
				1EE3D49E1E6AB31A0051FEB0 /* MessageRepository.swift in Sources */,
			);
			runOnlyForDeploymentPostprocessing = 0;
		};
/* End PBXSourcesBuildPhase section */

/* Begin PBXVariantGroup section */
		1E6C06D61E6A956200729CC9 /* Main.storyboard */ = {
			isa = PBXVariantGroup;
			children = (
				1E6C06D71E6A956200729CC9 /* Base */,
			);
			name = Main.storyboard;
			sourceTree = "<group>";
		};
		1E6C06DB1E6A956200729CC9 /* LaunchScreen.storyboard */ = {
			isa = PBXVariantGroup;
			children = (
				1E6C06DC1E6A956200729CC9 /* Base */,
			);
			name = LaunchScreen.storyboard;
			sourceTree = "<group>";
		};
/* End PBXVariantGroup section */

/* Begin XCBuildConfiguration section */
		1E6C06DF1E6A956200729CC9 /* Debug */ = {
			isa = XCBuildConfiguration;
			buildSettings = {
				ALWAYS_SEARCH_USER_PATHS = NO;
				CLANG_ANALYZER_NONNULL = YES;
				CLANG_CXX_LANGUAGE_STANDARD = "gnu++0x";
				CLANG_CXX_LIBRARY = "libc++";
				CLANG_ENABLE_MODULES = YES;
				CLANG_ENABLE_OBJC_ARC = YES;
				CLANG_WARN_BOOL_CONVERSION = YES;
				CLANG_WARN_CONSTANT_CONVERSION = YES;
				CLANG_WARN_DIRECT_OBJC_ISA_USAGE = YES_ERROR;
				CLANG_WARN_DOCUMENTATION_COMMENTS = YES;
				CLANG_WARN_EMPTY_BODY = YES;
				CLANG_WARN_ENUM_CONVERSION = YES;
				CLANG_WARN_INFINITE_RECURSION = YES;
				CLANG_WARN_INT_CONVERSION = YES;
				CLANG_WARN_OBJC_ROOT_CLASS = YES_ERROR;
				CLANG_WARN_SUSPICIOUS_MOVE = YES;
				CLANG_WARN_UNREACHABLE_CODE = YES;
				CLANG_WARN__DUPLICATE_METHOD_MATCH = YES;
				"CODE_SIGN_IDENTITY[sdk=iphoneos*]" = "iPhone Developer";
				COPY_PHASE_STRIP = NO;
				DEBUG_INFORMATION_FORMAT = dwarf;
				ENABLE_STRICT_OBJC_MSGSEND = YES;
				ENABLE_TESTABILITY = YES;
				GCC_C_LANGUAGE_STANDARD = gnu99;
				GCC_DYNAMIC_NO_PIC = NO;
				GCC_NO_COMMON_BLOCKS = YES;
				GCC_OPTIMIZATION_LEVEL = 0;
				GCC_PREPROCESSOR_DEFINITIONS = (
					"DEBUG=1",
					"$(inherited)",
				);
				GCC_WARN_64_TO_32_BIT_CONVERSION = YES;
				GCC_WARN_ABOUT_RETURN_TYPE = YES_ERROR;
				GCC_WARN_UNDECLARED_SELECTOR = YES;
				GCC_WARN_UNINITIALIZED_AUTOS = YES_AGGRESSIVE;
				GCC_WARN_UNUSED_FUNCTION = YES;
				GCC_WARN_UNUSED_VARIABLE = YES;
				IPHONEOS_DEPLOYMENT_TARGET = 10.2;
				MTL_ENABLE_DEBUG_INFO = YES;
				ONLY_ACTIVE_ARCH = YES;
				SDKROOT = iphoneos;
				SWIFT_ACTIVE_COMPILATION_CONDITIONS = DEBUG;
				SWIFT_OPTIMIZATION_LEVEL = "-Onone";
			};
			name = Debug;
		};
		1E6C06E01E6A956200729CC9 /* Release */ = {
			isa = XCBuildConfiguration;
			buildSettings = {
				ALWAYS_SEARCH_USER_PATHS = NO;
				CLANG_ANALYZER_NONNULL = YES;
				CLANG_CXX_LANGUAGE_STANDARD = "gnu++0x";
				CLANG_CXX_LIBRARY = "libc++";
				CLANG_ENABLE_MODULES = YES;
				CLANG_ENABLE_OBJC_ARC = YES;
				CLANG_WARN_BOOL_CONVERSION = YES;
				CLANG_WARN_CONSTANT_CONVERSION = YES;
				CLANG_WARN_DIRECT_OBJC_ISA_USAGE = YES_ERROR;
				CLANG_WARN_DOCUMENTATION_COMMENTS = YES;
				CLANG_WARN_EMPTY_BODY = YES;
				CLANG_WARN_ENUM_CONVERSION = YES;
				CLANG_WARN_INFINITE_RECURSION = YES;
				CLANG_WARN_INT_CONVERSION = YES;
				CLANG_WARN_OBJC_ROOT_CLASS = YES_ERROR;
				CLANG_WARN_SUSPICIOUS_MOVE = YES;
				CLANG_WARN_UNREACHABLE_CODE = YES;
				CLANG_WARN__DUPLICATE_METHOD_MATCH = YES;
				"CODE_SIGN_IDENTITY[sdk=iphoneos*]" = "iPhone Developer";
				COPY_PHASE_STRIP = NO;
				DEBUG_INFORMATION_FORMAT = "dwarf-with-dsym";
				ENABLE_NS_ASSERTIONS = NO;
				ENABLE_STRICT_OBJC_MSGSEND = YES;
				GCC_C_LANGUAGE_STANDARD = gnu99;
				GCC_NO_COMMON_BLOCKS = YES;
				GCC_WARN_64_TO_32_BIT_CONVERSION = YES;
				GCC_WARN_ABOUT_RETURN_TYPE = YES_ERROR;
				GCC_WARN_UNDECLARED_SELECTOR = YES;
				GCC_WARN_UNINITIALIZED_AUTOS = YES_AGGRESSIVE;
				GCC_WARN_UNUSED_FUNCTION = YES;
				GCC_WARN_UNUSED_VARIABLE = YES;
				IPHONEOS_DEPLOYMENT_TARGET = 10.2;
				MTL_ENABLE_DEBUG_INFO = NO;
				SDKROOT = iphoneos;
				SWIFT_OPTIMIZATION_LEVEL = "-Owholemodule";
				VALIDATE_PRODUCT = YES;
			};
			name = Release;
		};
		1E6C06E21E6A956200729CC9 /* Debug */ = {
			isa = XCBuildConfiguration;
			buildSettings = {
				ASSETCATALOG_COMPILER_APPICON_NAME = AppIcon;
				FRAMEWORK_SEARCH_PATHS = (
					"$(inherited)",
					"$(PROJECT_DIR)/Carthage/Build/iOS",
				);
				INFOPLIST_FILE = SampleChat/Info.plist;
				LD_RUNPATH_SEARCH_PATHS = "$(inherited) @executable_path/Frameworks";
				PRODUCT_BUNDLE_IDENTIFIER = com.SwiftActor.SampleChat;
				PRODUCT_NAME = "$(TARGET_NAME)";
				SWIFT_VERSION = 3.0;
			};
			name = Debug;
		};
		1E6C06E31E6A956200729CC9 /* Release */ = {
			isa = XCBuildConfiguration;
			buildSettings = {
				ASSETCATALOG_COMPILER_APPICON_NAME = AppIcon;
				FRAMEWORK_SEARCH_PATHS = (
					"$(inherited)",
					"$(PROJECT_DIR)/Carthage/Build/iOS",
				);
				INFOPLIST_FILE = SampleChat/Info.plist;
				LD_RUNPATH_SEARCH_PATHS = "$(inherited) @executable_path/Frameworks";
				PRODUCT_BUNDLE_IDENTIFIER = com.SwiftActor.SampleChat;
				PRODUCT_NAME = "$(TARGET_NAME)";
				SWIFT_VERSION = 3.0;
			};
			name = Release;
		};
/* End XCBuildConfiguration section */

/* Begin XCConfigurationList section */
		1E6C06CA1E6A956200729CC9 /* Build configuration list for PBXProject "SampleChat" */ = {
			isa = XCConfigurationList;
			buildConfigurations = (
				1E6C06DF1E6A956200729CC9 /* Debug */,
				1E6C06E01E6A956200729CC9 /* Release */,
			);
			defaultConfigurationIsVisible = 0;
			defaultConfigurationName = Release;
		};
		1E6C06E11E6A956200729CC9 /* Build configuration list for PBXNativeTarget "SampleChat" */ = {
			isa = XCConfigurationList;
			buildConfigurations = (
				1E6C06E21E6A956200729CC9 /* Debug */,
				1E6C06E31E6A956200729CC9 /* Release */,
			);
			defaultConfigurationIsVisible = 0;
			defaultConfigurationName = Release;
		};
/* End XCConfigurationList section */
	};
	rootObject = 1E6C06C71E6A956200729CC9 /* Project object */;
}
